{
  "pins" : [
    {
      "identity" : "keyboardkit",
      "kind" : "remoteSourceControl",
      "location" : "https://github.com/KeyboardKit/KeyboardKit.git",
      "state" : {
        "revision" : "90f1d21266a2a4bddd54acf0746607234977931d",
        "version" : "6.6.0"
      }
    }
  ],
  "version" : 2
}
